// !$*UTF8*$!
{
	archiveVersion = 1;
	classes = {
	};
	objectVersion = 50;
	objects = {

/* Begin PBXBuildFile section */
		C6095307214E864600F80F7A /* Networking.swift in Sources */ = {isa = PBXBuildFile; fileRef = C6095306214E864600F80F7A /* Networking.swift */; };
		C623CE1C21650E49007983FB /* TaskModeling.swift in Sources */ = {isa = PBXBuildFile; fileRef = C623CE1B21650E49007983FB /* TaskModeling.swift */; };
		C67E1195213429F100E4A8D5 /* AppDelegate.swift in Sources */ = {isa = PBXBuildFile; fileRef = C67E1194213429F100E4A8D5 /* AppDelegate.swift */; };
		C67E1197213429F100E4A8D5 /* TodoListVC.swift in Sources */ = {isa = PBXBuildFile; fileRef = C67E1196213429F100E4A8D5 /* TodoListVC.swift */; };
		C67E119A213429F100E4A8D5 /* Main.storyboard in Resources */ = {isa = PBXBuildFile; fileRef = C67E1198213429F100E4A8D5 /* Main.storyboard */; };
		C67E119C213429F200E4A8D5 /* Assets.xcassets in Resources */ = {isa = PBXBuildFile; fileRef = C67E119B213429F200E4A8D5 /* Assets.xcassets */; };
		C67E119F213429F200E4A8D5 /* LaunchScreen.storyboard in Resources */ = {isa = PBXBuildFile; fileRef = C67E119D213429F200E4A8D5 /* LaunchScreen.storyboard */; };
		C67E11A72134346900E4A8D5 /* TaskCell.swift in Sources */ = {isa = PBXBuildFile; fileRef = C67E11A62134346900E4A8D5 /* TaskCell.swift */; };
		C67E11A9213442E300E4A8D5 /* AddTaskController.swift in Sources */ = {isa = PBXBuildFile; fileRef = C67E11A8213442E300E4A8D5 /* AddTaskController.swift */; };
		C69893E0215BA25900485033 /* Caching.swift in Sources */ = {isa = PBXBuildFile; fileRef = C69893DF215BA25900485033 /* Caching.swift */; };
		C69893E8215CBED100485033 /* ShaniApp2UITests.swift in Sources */ = {isa = PBXBuildFile; fileRef = C69893E7215CBED100485033 /* ShaniApp2UITests.swift */; };
		C69893EF215CE83700485033 /* TodoListVC.swift in Sources */ = {isa = PBXBuildFile; fileRef = C67E1196213429F100E4A8D5 /* TodoListVC.swift */; };
/* End PBXBuildFile section */

/* Begin PBXContainerItemProxy section */
		C69893EA215CBED100485033 /* PBXContainerItemProxy */ = {
			isa = PBXContainerItemProxy;
			containerPortal = C67E1189213429F100E4A8D5 /* Project object */;
			proxyType = 1;
			remoteGlobalIDString = C67E1190213429F100E4A8D5;
			remoteInfo = ShaniApp2;
		};
/* End PBXContainerItemProxy section */

/* Begin PBXFileReference section */
		C6095306214E864600F80F7A /* Networking.swift */ = {isa = PBXFileReference; lastKnownFileType = sourcecode.swift; path = Networking.swift; sourceTree = "<group>"; };
		C623CE1B21650E49007983FB /* TaskModeling.swift */ = {isa = PBXFileReference; lastKnownFileType = sourcecode.swift; path = TaskModeling.swift; sourceTree = "<group>"; };
		C67E1191213429F100E4A8D5 /* ShaniApp2.app */ = {isa = PBXFileReference; explicitFileType = wrapper.application; includeInIndex = 0; path = ShaniApp2.app; sourceTree = BUILT_PRODUCTS_DIR; };
		C67E1194213429F100E4A8D5 /* AppDelegate.swift */ = {isa = PBXFileReference; lastKnownFileType = sourcecode.swift; path = AppDelegate.swift; sourceTree = "<group>"; };
		C67E1196213429F100E4A8D5 /* TodoListVC.swift */ = {isa = PBXFileReference; lastKnownFileType = sourcecode.swift; path = TodoListVC.swift; sourceTree = "<group>"; };
		C67E1199213429F100E4A8D5 /* Base */ = {isa = PBXFileReference; lastKnownFileType = file.storyboard; name = Base; path = Base.lproj/Main.storyboard; sourceTree = "<group>"; };
		C67E119B213429F200E4A8D5 /* Assets.xcassets */ = {isa = PBXFileReference; lastKnownFileType = folder.assetcatalog; path = Assets.xcassets; sourceTree = "<group>"; };
		C67E119E213429F200E4A8D5 /* Base */ = {isa = PBXFileReference; lastKnownFileType = file.storyboard; name = Base; path = Base.lproj/LaunchScreen.storyboard; sourceTree = "<group>"; };
		C67E11A0213429F200E4A8D5 /* Info.plist */ = {isa = PBXFileReference; lastKnownFileType = text.plist.xml; path = Info.plist; sourceTree = "<group>"; };
		C67E11A62134346900E4A8D5 /* TaskCell.swift */ = {isa = PBXFileReference; lastKnownFileType = sourcecode.swift; path = TaskCell.swift; sourceTree = "<group>"; };
		C67E11A8213442E300E4A8D5 /* AddTaskController.swift */ = {isa = PBXFileReference; lastKnownFileType = sourcecode.swift; path = AddTaskController.swift; sourceTree = "<group>"; };
		C69893DF215BA25900485033 /* Caching.swift */ = {isa = PBXFileReference; lastKnownFileType = sourcecode.swift; path = Caching.swift; sourceTree = "<group>"; };
		C69893E5215CBED100485033 /* ShaniApp2UITests.xctest */ = {isa = PBXFileReference; explicitFileType = wrapper.cfbundle; includeInIndex = 0; path = ShaniApp2UITests.xctest; sourceTree = BUILT_PRODUCTS_DIR; };
		C69893E7215CBED100485033 /* ShaniApp2UITests.swift */ = {isa = PBXFileReference; lastKnownFileType = sourcecode.swift; path = ShaniApp2UITests.swift; sourceTree = "<group>"; };
		C69893E9215CBED100485033 /* Info.plist */ = {isa = PBXFileReference; lastKnownFileType = text.plist.xml; path = Info.plist; sourceTree = "<group>"; };
/* End PBXFileReference section */

/* Begin PBXFrameworksBuildPhase section */
		C67E118E213429F100E4A8D5 /* Frameworks */ = {
			isa = PBXFrameworksBuildPhase;
			buildActionMask = 2147483647;
			files = (
			);
			runOnlyForDeploymentPostprocessing = 0;
		};
		C69893E2215CBED100485033 /* Frameworks */ = {
			isa = PBXFrameworksBuildPhase;
			buildActionMask = 2147483647;
			files = (
			);
			runOnlyForDeploymentPostprocessing = 0;
		};
/* End PBXFrameworksBuildPhase section */

/* Begin PBXGroup section */
		C67E1188213429F100E4A8D5 = {
			isa = PBXGroup;
			children = (
				C67E1193213429F100E4A8D5 /* ShaniApp2 */,
				C69893E6215CBED100485033 /* ShaniApp2UITests */,
				C67E1192213429F100E4A8D5 /* Products */,
			);
			sourceTree = "<group>";
		};
		C67E1192213429F100E4A8D5 /* Products */ = {
			isa = PBXGroup;
			children = (
				C67E1191213429F100E4A8D5 /* ShaniApp2.app */,
				C69893E5215CBED100485033 /* ShaniApp2UITests.xctest */,
			);
			name = Products;
			sourceTree = "<group>";
		};
		C67E1193213429F100E4A8D5 /* ShaniApp2 */ = {
			isa = PBXGroup;
			children = (
				C67E1196213429F100E4A8D5 /* TodoListVC.swift */,
				C67E11A62134346900E4A8D5 /* TaskCell.swift */,
				C67E11A8213442E300E4A8D5 /* AddTaskController.swift */,
				C6095306214E864600F80F7A /* Networking.swift */,
				C69893DF215BA25900485033 /* Caching.swift */,
				C623CE1B21650E49007983FB /* TaskModeling.swift */,
				C67E1198213429F100E4A8D5 /* Main.storyboard */,
				C67E11A0213429F200E4A8D5 /* Info.plist */,
				C67E11AA2135948300E4A8D5 /* Supporting Files */,
			);
			path = ShaniApp2;
			sourceTree = "<group>";
		};
		C67E11AA2135948300E4A8D5 /* Supporting Files */ = {
			isa = PBXGroup;
			children = (
				C67E1194213429F100E4A8D5 /* AppDelegate.swift */,
				C67E119B213429F200E4A8D5 /* Assets.xcassets */,
				C67E119D213429F200E4A8D5 /* LaunchScreen.storyboard */,
			);
			path = "Supporting Files";
			sourceTree = "<group>";
		};
		C69893E6215CBED100485033 /* ShaniApp2UITests */ = {
			isa = PBXGroup;
			children = (
				C69893E7215CBED100485033 /* ShaniApp2UITests.swift */,
				C69893E9215CBED100485033 /* Info.plist */,
			);
			path = ShaniApp2UITests;
			sourceTree = "<group>";
		};
/* End PBXGroup section */

/* Begin PBXNativeTarget section */
		C67E1190213429F100E4A8D5 /* ShaniApp2 */ = {
			isa = PBXNativeTarget;
			buildConfigurationList = C67E11A3213429F200E4A8D5 /* Build configuration list for PBXNativeTarget "ShaniApp2" */;
			buildPhases = (
				C67E118D213429F100E4A8D5 /* Sources */,
				C67E118E213429F100E4A8D5 /* Frameworks */,
				C67E118F213429F100E4A8D5 /* Resources */,
			);
			buildRules = (
			);
			dependencies = (
			);
			name = ShaniApp2;
			productName = ShaniApp2;
			productReference = C67E1191213429F100E4A8D5 /* ShaniApp2.app */;
			productType = "com.apple.product-type.application";
		};
		C69893E4215CBED100485033 /* ShaniApp2UITests */ = {
			isa = PBXNativeTarget;
			buildConfigurationList = C69893EC215CBED100485033 /* Build configuration list for PBXNativeTarget "ShaniApp2UITests" */;
			buildPhases = (
				C69893E1215CBED100485033 /* Sources */,
				C69893E2215CBED100485033 /* Frameworks */,
				C69893E3215CBED100485033 /* Resources */,
			);
			buildRules = (
			);
			dependencies = (
				C69893EB215CBED100485033 /* PBXTargetDependency */,
			);
			name = ShaniApp2UITests;
			productName = ShaniApp2UITests;
			productReference = C69893E5215CBED100485033 /* ShaniApp2UITests.xctest */;
			productType = "com.apple.product-type.bundle.ui-testing";
		};
/* End PBXNativeTarget section */

/* Begin PBXProject section */
		C67E1189213429F100E4A8D5 /* Project object */ = {
			isa = PBXProject;
			attributes = {
				LastSwiftUpdateCheck = 0940;
				LastUpgradeCheck = 0940;
				TargetAttributes = {
					C67E1190213429F100E4A8D5 = {
						CreatedOnToolsVersion = 9.4.1;
					};
					C69893E4215CBED100485033 = {
						CreatedOnToolsVersion = 9.4.1;
						TestTargetID = C67E1190213429F100E4A8D5;
					};
				};
			};
			buildConfigurationList = C67E118C213429F100E4A8D5 /* Build configuration list for PBXProject "ShaniApp2" */;
			compatibilityVersion = "Xcode 9.3";
			developmentRegion = en;
			hasScannedForEncodings = 0;
			knownRegions = (
				en,
				Base,
			);
			mainGroup = C67E1188213429F100E4A8D5;
			productRefGroup = C67E1192213429F100E4A8D5 /* Products */;
			projectDirPath = "";
			projectRoot = "";
			targets = (
				C67E1190213429F100E4A8D5 /* ShaniApp2 */,
				C69893E4215CBED100485033 /* ShaniApp2UITests */,
			);
		};
/* End PBXProject section */

/* Begin PBXResourcesBuildPhase section */
		C67E118F213429F100E4A8D5 /* Resources */ = {
			isa = PBXResourcesBuildPhase;
			buildActionMask = 2147483647;
			files = (
				C67E119F213429F200E4A8D5 /* LaunchScreen.storyboard in Resources */,
				C67E119C213429F200E4A8D5 /* Assets.xcassets in Resources */,
				C67E119A213429F100E4A8D5 /* Main.storyboard in Resources */,
			);
			runOnlyForDeploymentPostprocessing = 0;
		};
		C69893E3215CBED100485033 /* Resources */ = {
			isa = PBXResourcesBuildPhase;
			buildActionMask = 2147483647;
			files = (
			);
			runOnlyForDeploymentPostprocessing = 0;
		};
/* End PBXResourcesBuildPhase section */

/* Begin PBXSourcesBuildPhase section */
		C67E118D213429F100E4A8D5 /* Sources */ = {
			isa = PBXSourcesBuildPhase;
			buildActionMask = 2147483647;
			files = (
				C67E1197213429F100E4A8D5 /* TodoListVC.swift in Sources */,
				C623CE1C21650E49007983FB /* TaskModeling.swift in Sources */,
				C6095307214E864600F80F7A /* Networking.swift in Sources */,
				C67E11A72134346900E4A8D5 /* TaskCell.swift in Sources */,
				C69893E0215BA25900485033 /* Caching.swift in Sources */,
				C67E11A9213442E300E4A8D5 /* AddTaskController.swift in Sources */,
				C67E1195213429F100E4A8D5 /* AppDelegate.swift in Sources */,
			);
			runOnlyForDeploymentPostprocessing = 0;
		};
		C69893E1215CBED100485033 /* Sources */ = {
			isa = PBXSourcesBuildPhase;
			buildActionMask = 2147483647;
			files = (
				C69893EF215CE83700485033 /* TodoListVC.swift in Sources */,
				C69893E8215CBED100485033 /* ShaniApp2UITests.swift in Sources */,
			);
			runOnlyForDeploymentPostprocessing = 0;
		};
/* End PBXSourcesBuildPhase section */

/* Begin PBXTargetDependency section */
		C69893EB215CBED100485033 /* PBXTargetDependency */ = {
			isa = PBXTargetDependency;
			target = C67E1190213429F100E4A8D5 /* ShaniApp2 */;
			targetProxy = C69893EA215CBED100485033 /* PBXContainerItemProxy */;
		};
/* End PBXTargetDependency section */

/* Begin PBXVariantGroup section */
		C67E1198213429F100E4A8D5 /* Main.storyboard */ = {
			isa = PBXVariantGroup;
			children = (
				C67E1199213429F100E4A8D5 /* Base */,
			);
			name = Main.storyboard;
			sourceTree = "<group>";
		};
		C67E119D213429F200E4A8D5 /* LaunchScreen.storyboard */ = {
			isa = PBXVariantGroup;
			children = (
				C67E119E213429F200E4A8D5 /* Base */,
			);
			name = LaunchScreen.storyboard;
			sourceTree = "<group>";
		};
/* End PBXVariantGroup section */

/* Begin XCBuildConfiguration section */
		C67E11A1213429F200E4A8D5 /* Debug */ = {
			isa = XCBuildConfiguration;
			buildSettings = {
				ALWAYS_SEARCH_USER_PATHS = NO;
				CLANG_ANALYZER_NONNULL = YES;
				CLANG_ANALYZER_NUMBER_OBJECT_CONVERSION = YES_AGGRESSIVE;
				CLANG_CXX_LANGUAGE_STANDARD = "gnu++14";
				CLANG_CXX_LIBRARY = "libc++";
				CLANG_ENABLE_MODULES = YES;
				CLANG_ENABLE_OBJC_ARC = YES;
				CLANG_ENABLE_OBJC_WEAK = YES;
				CLANG_WARN_BLOCK_CAPTURE_AUTORELEASING = YES;
				CLANG_WARN_BOOL_CONVERSION = YES;
				CLANG_WARN_COMMA = YES;
				CLANG_WARN_CONSTANT_CONVERSION = YES;
				CLANG_WARN_DEPRECATED_OBJC_IMPLEMENTATIONS = YES;
				CLANG_WARN_DIRECT_OBJC_ISA_USAGE = YES_ERROR;
				CLANG_WARN_DOCUMENTATION_COMMENTS = YES;
				CLANG_WARN_EMPTY_BODY = YES;
				CLANG_WARN_ENUM_CONVERSION = YES;
				CLANG_WARN_INFINITE_RECURSION = YES;
				CLANG_WARN_INT_CONVERSION = YES;
				CLANG_WARN_NON_LITERAL_NULL_CONVERSION = YES;
				CLANG_WARN_OBJC_IMPLICIT_RETAIN_SELF = YES;
				CLANG_WARN_OBJC_LITERAL_CONVERSION = YES;
				CLANG_WARN_OBJC_ROOT_CLASS = YES_ERROR;
				CLANG_WARN_RANGE_LOOP_ANALYSIS = YES;
				CLANG_WARN_STRICT_PROTOTYPES = YES;
				CLANG_WARN_SUSPICIOUS_MOVE = YES;
				CLANG_WARN_UNGUARDED_AVAILABILITY = YES_AGGRESSIVE;
				CLANG_WARN_UNREACHABLE_CODE = YES;
				CLANG_WARN__DUPLICATE_METHOD_MATCH = YES;
				CODE_SIGN_IDENTITY = "iPhone Developer";
				COPY_PHASE_STRIP = NO;
				DEBUG_INFORMATION_FORMAT = dwarf;
				ENABLE_STRICT_OBJC_MSGSEND = YES;
				ENABLE_TESTABILITY = YES;
				GCC_C_LANGUAGE_STANDARD = gnu11;
				GCC_DYNAMIC_NO_PIC = NO;
				GCC_NO_COMMON_BLOCKS = YES;
				GCC_OPTIMIZATION_LEVEL = 0;
				GCC_PREPROCESSOR_DEFINITIONS = (
					"DEBUG=1",
					"$(inherited)",
				);
				GCC_WARN_64_TO_32_BIT_CONVERSION = YES;
				GCC_WARN_ABOUT_RETURN_TYPE = YES_ERROR;
				GCC_WARN_UNDECLARED_SELECTOR = YES;
				GCC_WARN_UNINITIALIZED_AUTOS = YES_AGGRESSIVE;
				GCC_WARN_UNUSED_FUNCTION = YES;
				GCC_WARN_UNUSED_VARIABLE = YES;
				IPHONEOS_DEPLOYMENT_TARGET = 11.4;
				MTL_ENABLE_DEBUG_INFO = YES;
				ONLY_ACTIVE_ARCH = YES;
				SDKROOT = iphoneos;
				SWIFT_ACTIVE_COMPILATION_CONDITIONS = DEBUG;
				SWIFT_OPTIMIZATION_LEVEL = "-Onone";
			};
			name = Debug;
		};
		C67E11A2213429F200E4A8D5 /* Release */ = {
			isa = XCBuildConfiguration;
			buildSettings = {
				ALWAYS_SEARCH_USER_PATHS = NO;
				CLANG_ANALYZER_NONNULL = YES;
				CLANG_ANALYZER_NUMBER_OBJECT_CONVERSION = YES_AGGRESSIVE;
				CLANG_CXX_LANGUAGE_STANDARD = "gnu++14";
				CLANG_CXX_LIBRARY = "libc++";
				CLANG_ENABLE_MODULES = YES;
				CLANG_ENABLE_OBJC_ARC = YES;
				CLANG_ENABLE_OBJC_WEAK = YES;
				CLANG_WARN_BLOCK_CAPTURE_AUTORELEASING = YES;
				CLANG_WARN_BOOL_CONVERSION = YES;
				CLANG_WARN_COMMA = YES;
				CLANG_WARN_CONSTANT_CONVERSION = YES;
				CLANG_WARN_DEPRECATED_OBJC_IMPLEMENTATIONS = YES;
				CLANG_WARN_DIRECT_OBJC_ISA_USAGE = YES_ERROR;
				CLANG_WARN_DOCUMENTATION_COMMENTS = YES;
				CLANG_WARN_EMPTY_BODY = YES;
				CLANG_WARN_ENUM_CONVERSION = YES;
				CLANG_WARN_INFINITE_RECURSION = YES;
				CLANG_WARN_INT_CONVERSION = YES;
				CLANG_WARN_NON_LITERAL_NULL_CONVERSION = YES;
				CLANG_WARN_OBJC_IMPLICIT_RETAIN_SELF = YES;
				CLANG_WARN_OBJC_LITERAL_CONVERSION = YES;
				CLANG_WARN_OBJC_ROOT_CLASS = YES_ERROR;
				CLANG_WARN_RANGE_LOOP_ANALYSIS = YES;
				CLANG_WARN_STRICT_PROTOTYPES = YES;
				CLANG_WARN_SUSPICIOUS_MOVE = YES;
				CLANG_WARN_UNGUARDED_AVAILABILITY = YES_AGGRESSIVE;
				CLANG_WARN_UNREACHABLE_CODE = YES;
				CLANG_WARN__DUPLICATE_METHOD_MATCH = YES;
				CODE_SIGN_IDENTITY = "iPhone Developer";
				COPY_PHASE_STRIP = NO;
				DEBUG_INFORMATION_FORMAT = "dwarf-with-dsym";
				ENABLE_NS_ASSERTIONS = NO;
				ENABLE_STRICT_OBJC_MSGSEND = YES;
				GCC_C_LANGUAGE_STANDARD = gnu11;
				GCC_NO_COMMON_BLOCKS = YES;
				GCC_WARN_64_TO_32_BIT_CONVERSION = YES;
				GCC_WARN_ABOUT_RETURN_TYPE = YES_ERROR;
				GCC_WARN_UNDECLARED_SELECTOR = YES;
				GCC_WARN_UNINITIALIZED_AUTOS = YES_AGGRESSIVE;
				GCC_WARN_UNUSED_FUNCTION = YES;
				GCC_WARN_UNUSED_VARIABLE = YES;
				IPHONEOS_DEPLOYMENT_TARGET = 11.4;
				MTL_ENABLE_DEBUG_INFO = NO;
				SDKROOT = iphoneos;
				SWIFT_COMPILATION_MODE = wholemodule;
				SWIFT_OPTIMIZATION_LEVEL = "-O";
				VALIDATE_PRODUCT = YES;
			};
			name = Release;
		};
		C67E11A4213429F200E4A8D5 /* Debug */ = {
			isa = XCBuildConfiguration;
			buildSettings = {
				ASSETCATALOG_COMPILER_APPICON_NAME = AppIcon;
				CODE_SIGN_STYLE = Automatic;
				DEVELOPMENT_TEAM = "";
				INFOPLIST_FILE = ShaniApp2/Info.plist;
				LD_RUNPATH_SEARCH_PATHS = (
					"$(inherited)",
					"@executable_path/Frameworks",
				);
				PRODUCT_BUNDLE_IDENTIFIER = com.test.ShaniApp2;
				PRODUCT_NAME = "$(TARGET_NAME)";
				SWIFT_VERSION = 4.0;
				TARGETED_DEVICE_FAMILY = "1,2";
			};
			name = Debug;
		};
		C67E11A5213429F200E4A8D5 /* Release */ = {
			isa = XCBuildConfiguration;
			buildSettings = {
				ASSETCATALOG_COMPILER_APPICON_NAME = AppIcon;
				CODE_SIGN_STYLE = Automatic;
				DEVELOPMENT_TEAM = "";
				INFOPLIST_FILE = ShaniApp2/Info.plist;
				LD_RUNPATH_SEARCH_PATHS = (
					"$(inherited)",
					"@executable_path/Frameworks",
				);
				PRODUCT_BUNDLE_IDENTIFIER = com.test.ShaniApp2;
				PRODUCT_NAME = "$(TARGET_NAME)";
				SWIFT_VERSION = 4.0;
				TARGETED_DEVICE_FAMILY = "1,2";
			};
			name = Release;
		};
		C69893ED215CBED100485033 /* Debug */ = {
			isa = XCBuildConfiguration;
			buildSettings = {
				CODE_SIGN_STYLE = Automatic;
				INFOPLIST_FILE = ShaniApp2UITests/Info.plist;
				LD_RUNPATH_SEARCH_PATHS = (
					"$(inherited)",
					"@executable_path/Frameworks",
					"@loader_path/Frameworks",
				);
				PRODUCT_BUNDLE_IDENTIFIER = com.test.ShaniApp2UITests;
				PRODUCT_NAME = "$(TARGET_NAME)";
				SWIFT_VERSION = 4.0;
				TARGETED_DEVICE_FAMILY = "1,2";
				TEST_TARGET_NAME = ShaniApp2;
			};
			name = Debug;
		};
		C69893EE215CBED100485033 /* Release */ = {
			isa = XCBuildConfiguration;
			buildSettings = {
				CODE_SIGN_STYLE = Automatic;
				INFOPLIST_FILE = ShaniApp2UITests/Info.plist;
				LD_RUNPATH_SEARCH_PATHS = (
					"$(inherited)",
					"@executable_path/Frameworks",
					"@loader_path/Frameworks",
				);
				PRODUCT_BUNDLE_IDENTIFIER = com.test.ShaniApp2UITests;
				PRODUCT_NAME = "$(TARGET_NAME)";
				SWIFT_VERSION = 4.0;
				TARGETED_DEVICE_FAMILY = "1,2";
				TEST_TARGET_NAME = ShaniApp2;
			};
			name = Release;
		};
/* End XCBuildConfiguration section */

/* Begin XCConfigurationList section */
		C67E118C213429F100E4A8D5 /* Build configuration list for PBXProject "ShaniApp2" */ = {
			isa = XCConfigurationList;
			buildConfigurations = (
				C67E11A1213429F200E4A8D5 /* Debug */,
				C67E11A2213429F200E4A8D5 /* Release */,
			);
			defaultConfigurationIsVisible = 0;
			defaultConfigurationName = Release;
		};
		C67E11A3213429F200E4A8D5 /* Build configuration list for PBXNativeTarget "ShaniApp2" */ = {
			isa = XCConfigurationList;
			buildConfigurations = (
				C67E11A4213429F200E4A8D5 /* Debug */,
				C67E11A5213429F200E4A8D5 /* Release */,
			);
			defaultConfigurationIsVisible = 0;
			defaultConfigurationName = Release;
		};
		C69893EC215CBED100485033 /* Build configuration list for PBXNativeTarget "ShaniApp2UITests" */ = {
			isa = XCConfigurationList;
			buildConfigurations = (
				C69893ED215CBED100485033 /* Debug */,
				C69893EE215CBED100485033 /* Release */,
			);
			defaultConfigurationIsVisible = 0;
			defaultConfigurationName = Release;
		};
/* End XCConfigurationList section */
	};
	rootObject = C67E1189213429F100E4A8D5 /* Project object */;
}
